
Microsoft Visual Studio Solution File, Format Version 12.00
# Visual Studio 15
VisualStudioVersion = 15.0.27703.1
MinimumVisualStudioVersion = 10.0.40219.1
Project("{8BC9CEB8-8B4A-11D0-8D11-00A0C91BC942}") = "1", "Lab\Lab.vcxproj", "{EA0F352A-73A4-4DCF-9EA5-23A981316609}"
EndProject
Project("{8BC9CEB8-8B4A-11D0-8D11-00A0C91BC942}") = "2", "2\2.vcxproj", "{0DA23C11-527C-4DC8-BCEF-68706BA610B5}"
EndProject
Project("{8BC9CEB8-8B4A-11D0-8D11-00A0C91BC942}") = "3", "3\3.vcxproj", "{AFD72B03-F60B-459D-B423-E5A11E26E7F3}"
EndProject
Project("{8BC9CEB8-8B4A-11D0-8D11-00A0C91BC942}") = "4", "4\4.vcxproj", "{ABE7EA49-340E-40EA-841B-9D073B0F7208}"
EndProject
Global
	GlobalSection(SolutionConfigurationPlatforms) = preSolution
		Debug|x64 = Debug|x64
		Debug|x86 = Debug|x86
		Release|x64 = Release|x64
		Release|x86 = Release|x86
	EndGlobalSection
	GlobalSection(ProjectConfigurationPlatforms) = postSolution
		{EA0F352A-73A4-4DCF-9EA5-23A981316609}.Debug|x64.ActiveCfg = Debug|x64
		{EA0F352A-73A4-4DCF-9EA5-23A981316609}.Debug|x64.Build.0 = Debug|x64
		{EA0F352A-73A4-4DCF-9EA5-23A981316609}.Debug|x86.ActiveCfg = Debug|Win32
		{EA0F352A-73A4-4DCF-9EA5-23A981316609}.Debug|x86.Build.0 = Debug|Win32
		{EA0F352A-73A4-4DCF-9EA5-23A981316609}.Release|x64.ActiveCfg = Release|x64
		{EA0F352A-73A4-4DCF-9EA5-23A981316609}.Release|x64.Build.0 = Release|x64
		{EA0F352A-73A4-4DCF-9EA5-23A981316609}.Release|x86.ActiveCfg = Release|Win32
		{EA0F352A-73A4-4DCF-9EA5-23A981316609}.Release|x86.Build.0 = Release|Win32
		{0DA23C11-527C-4DC8-BCEF-68706BA610B5}.Debug|x64.ActiveCfg = Debug|x64
		{0DA23C11-527C-4DC8-BCEF-68706BA610B5}.Debug|x64.Build.0 = Debug|x64
		{0DA23C11-527C-4DC8-BCEF-68706BA610B5}.Debug|x86.ActiveCfg = Debug|Win32
		{0DA23C11-527C-4DC8-BCEF-68706BA610B5}.Debug|x86.Build.0 = Debug|Win32
		{0DA23C11-527C-4DC8-BCEF-68706BA610B5}.Release|x64.ActiveCfg = Release|x64
		{0DA23C11-527C-4DC8-BCEF-68706BA610B5}.Release|x64.Build.0 = Release|x64
		{0DA23C11-527C-4DC8-BCEF-68706BA610B5}.Release|x86.ActiveCfg = Release|Win32
		{0DA23C11-527C-4DC8-BCEF-68706BA610B5}.Release|x86.Build.0 = Release|Win32
		{AFD72B03-F60B-459D-B423-E5A11E26E7F3}.Debug|x64.ActiveCfg = Debug|x64
		{AFD72B03-F60B-459D-B423-E5A11E26E7F3}.Debug|x64.Build.0 = Debug|x64
		{AFD72B03-F60B-459D-B423-E5A11E26E7F3}.Debug|x86.ActiveCfg = Debug|Win32
		{AFD72B03-F60B-459D-B423-E5A11E26E7F3}.Debug|x86.Build.0 = Debug|Win32
		{AFD72B03-F60B-459D-B423-E5A11E26E7F3}.Release|x64.ActiveCfg = Release|x64
		{AFD72B03-F60B-459D-B423-E5A11E26E7F3}.Release|x64.Build.0 = Release|x64
		{AFD72B03-F60B-459D-B423-E5A11E26E7F3}.Release|x86.ActiveCfg = Release|Win32
		{AFD72B03-F60B-459D-B423-E5A11E26E7F3}.Release|x86.Build.0 = Release|Win32
		{ABE7EA49-340E-40EA-841B-9D073B0F7208}.Debug|x64.ActiveCfg = Debug|x64
		{ABE7EA49-340E-40EA-841B-9D073B0F7208}.Debug|x64.Build.0 = Debug|x64
		{ABE7EA49-340E-40EA-841B-9D073B0F7208}.Debug|x86.ActiveCfg = Debug|Win32
		{ABE7EA49-340E-40EA-841B-9D073B0F7208}.Debug|x86.Build.0 = Debug|Win32
		{ABE7EA49-340E-40EA-841B-9D073B0F7208}.Release|x64.ActiveCfg = Release|x64
		{ABE7EA49-340E-40EA-841B-9D073B0F7208}.Release|x64.Build.0 = Release|x64
		{ABE7EA49-340E-40EA-841B-9D073B0F7208}.Release|x86.ActiveCfg = Release|Win32
		{ABE7EA49-340E-40EA-841B-9D073B0F7208}.Release|x86.Build.0 = Release|Win32
	EndGlobalSection
	GlobalSection(SolutionProperties) = preSolution
		HideSolutionNode = FALSE
	EndGlobalSection
	GlobalSection(ExtensibilityGlobals) = postSolution
		SolutionGuid = {FF13AD35-1D3E-4A95-9418-4D32820E0082}
	EndGlobalSection
EndGlobal
