
Microsoft Visual Studio Solution File, Format Version 12.00
# Visual Studio 15
VisualStudioVersion = 15.0.27703.1
MinimumVisualStudioVersion = 10.0.40219.1
Project("{8BC9CEB8-8B4A-11D0-8D11-00A0C91BC942}") = "Laba1", "Laba\Laba.vcxproj", "{BBC1A507-BEAA-406A-9326-3BF837F39C41}"
EndProject
Project("{8BC9CEB8-8B4A-11D0-8D11-00A0C91BC942}") = "Laba2", "Laba2\Laba2.vcxproj", "{BC6F7CA8-B674-49C2-83E4-AE2DA47EB825}"
EndProject
Project("{8BC9CEB8-8B4A-11D0-8D11-00A0C91BC942}") = "Laba3", "Laba3\Laba3.vcxproj", "{5BE23414-6ADE-40AB-A6EF-566172C72225}"
EndProject
Project("{8BC9CEB8-8B4A-11D0-8D11-00A0C91BC942}") = "Laba4", "Laba4\Laba4.vcxproj", "{ED8E842C-9349-4527-8568-DB3A21E0D04F}"
EndProject
Project("{8BC9CEB8-8B4A-11D0-8D11-00A0C91BC942}") = "Laba5", "Laba5\Laba5.vcxproj", "{023F3533-E17E-4DD2-A60C-AB20F4256DD3}"
EndProject
Project("{8BC9CEB8-8B4A-11D0-8D11-00A0C91BC942}") = "Laba6", "Laba6\Laba6.vcxproj", "{4D075C2B-0865-4EC1-A6E8-9AFC56B06766}"
EndProject
Project("{8BC9CEB8-8B4A-11D0-8D11-00A0C91BC942}") = "Laba7", "Laba7\Laba7.vcxproj", "{C5DF5EFE-39AE-44EA-B325-D64B7BA42475}"
EndProject
Project("{8BC9CEB8-8B4A-11D0-8D11-00A0C91BC942}") = "Laba2.1", "Laba2.1\Laba2.1.vcxproj", "{8F900C0E-A5AF-4D2B-AEF5-074F954DA248}"
EndProject
Project("{8BC9CEB8-8B4A-11D0-8D11-00A0C91BC942}") = "Laba8", "Laba8\Laba8.vcxproj", "{1A24E643-DDA0-499F-9E4E-882A0095F247}"
EndProject
Project("{8BC9CEB8-8B4A-11D0-8D11-00A0C91BC942}") = "Laba9", "Laba9\Laba9.vcxproj", "{1156B7D1-8AE1-4619-A2A3-36F3ED5FE344}"
EndProject
Project("{8BC9CEB8-8B4A-11D0-8D11-00A0C91BC942}") = "Laba10", "Laba10\Laba10.vcxproj", "{32D1F20E-20A5-440C-B065-631E4E6C7737}"
EndProject
Project("{8BC9CEB8-8B4A-11D0-8D11-00A0C91BC942}") = "Laba10.1", "Laba10.1\Laba10.1.vcxproj", "{007FE02D-C586-4C60-8830-A2CDB2A5EBF6}"
EndProject
Project("{8BC9CEB8-8B4A-11D0-8D11-00A0C91BC942}") = "Laba10.3", "Laba10.3\Laba10.3.vcxproj", "{324A2501-6BC2-42FF-B286-C4B3E4F557B3}"
EndProject
Project("{8BC9CEB8-8B4A-11D0-8D11-00A0C91BC942}") = "Laba10.2", "Laba10.2\Laba10.2.vcxproj", "{AF2F016A-F3DD-4A2D-9838-56DCECBCA1C5}"
EndProject
Global
	GlobalSection(SolutionConfigurationPlatforms) = preSolution
		Debug|x64 = Debug|x64
		Debug|x86 = Debug|x86
		Release|x64 = Release|x64
		Release|x86 = Release|x86
	EndGlobalSection
	GlobalSection(ProjectConfigurationPlatforms) = postSolution
		{BBC1A507-BEAA-406A-9326-3BF837F39C41}.Debug|x64.ActiveCfg = Debug|x64
		{BBC1A507-BEAA-406A-9326-3BF837F39C41}.Debug|x64.Build.0 = Debug|x64
		{BBC1A507-BEAA-406A-9326-3BF837F39C41}.Debug|x86.ActiveCfg = Debug|Win32
		{BBC1A507-BEAA-406A-9326-3BF837F39C41}.Debug|x86.Build.0 = Debug|Win32
		{BBC1A507-BEAA-406A-9326-3BF837F39C41}.Release|x64.ActiveCfg = Release|x64
		{BBC1A507-BEAA-406A-9326-3BF837F39C41}.Release|x64.Build.0 = Release|x64
		{BBC1A507-BEAA-406A-9326-3BF837F39C41}.Release|x86.ActiveCfg = Release|Win32
		{BBC1A507-BEAA-406A-9326-3BF837F39C41}.Release|x86.Build.0 = Release|Win32
		{BC6F7CA8-B674-49C2-83E4-AE2DA47EB825}.Debug|x64.ActiveCfg = Debug|x64
		{BC6F7CA8-B674-49C2-83E4-AE2DA47EB825}.Debug|x64.Build.0 = Debug|x64
		{BC6F7CA8-B674-49C2-83E4-AE2DA47EB825}.Debug|x86.ActiveCfg = Debug|Win32
		{BC6F7CA8-B674-49C2-83E4-AE2DA47EB825}.Debug|x86.Build.0 = Debug|Win32
		{BC6F7CA8-B674-49C2-83E4-AE2DA47EB825}.Release|x64.ActiveCfg = Release|x64
		{BC6F7CA8-B674-49C2-83E4-AE2DA47EB825}.Release|x64.Build.0 = Release|x64
		{BC6F7CA8-B674-49C2-83E4-AE2DA47EB825}.Release|x86.ActiveCfg = Release|Win32
		{BC6F7CA8-B674-49C2-83E4-AE2DA47EB825}.Release|x86.Build.0 = Release|Win32
		{5BE23414-6ADE-40AB-A6EF-566172C72225}.Debug|x64.ActiveCfg = Debug|x64
		{5BE23414-6ADE-40AB-A6EF-566172C72225}.Debug|x64.Build.0 = Debug|x64
		{5BE23414-6ADE-40AB-A6EF-566172C72225}.Debug|x86.ActiveCfg = Debug|Win32
		{5BE23414-6ADE-40AB-A6EF-566172C72225}.Debug|x86.Build.0 = Debug|Win32
		{5BE23414-6ADE-40AB-A6EF-566172C72225}.Release|x64.ActiveCfg = Release|x64
		{5BE23414-6ADE-40AB-A6EF-566172C72225}.Release|x64.Build.0 = Release|x64
		{5BE23414-6ADE-40AB-A6EF-566172C72225}.Release|x86.ActiveCfg = Release|Win32
		{5BE23414-6ADE-40AB-A6EF-566172C72225}.Release|x86.Build.0 = Release|Win32
		{ED8E842C-9349-4527-8568-DB3A21E0D04F}.Debug|x64.ActiveCfg = Debug|x64
		{ED8E842C-9349-4527-8568-DB3A21E0D04F}.Debug|x64.Build.0 = Debug|x64
		{ED8E842C-9349-4527-8568-DB3A21E0D04F}.Debug|x86.ActiveCfg = Debug|Win32
		{ED8E842C-9349-4527-8568-DB3A21E0D04F}.Debug|x86.Build.0 = Debug|Win32
		{ED8E842C-9349-4527-8568-DB3A21E0D04F}.Release|x64.ActiveCfg = Release|x64
		{ED8E842C-9349-4527-8568-DB3A21E0D04F}.Release|x64.Build.0 = Release|x64
		{ED8E842C-9349-4527-8568-DB3A21E0D04F}.Release|x86.ActiveCfg = Release|Win32
		{ED8E842C-9349-4527-8568-DB3A21E0D04F}.Release|x86.Build.0 = Release|Win32
		{023F3533-E17E-4DD2-A60C-AB20F4256DD3}.Debug|x64.ActiveCfg = Debug|x64
		{023F3533-E17E-4DD2-A60C-AB20F4256DD3}.Debug|x64.Build.0 = Debug|x64
		{023F3533-E17E-4DD2-A60C-AB20F4256DD3}.Debug|x86.ActiveCfg = Debug|Win32
		{023F3533-E17E-4DD2-A60C-AB20F4256DD3}.Debug|x86.Build.0 = Debug|Win32
		{023F3533-E17E-4DD2-A60C-AB20F4256DD3}.Release|x64.ActiveCfg = Release|x64
		{023F3533-E17E-4DD2-A60C-AB20F4256DD3}.Release|x64.Build.0 = Release|x64
		{023F3533-E17E-4DD2-A60C-AB20F4256DD3}.Release|x86.ActiveCfg = Release|Win32
		{023F3533-E17E-4DD2-A60C-AB20F4256DD3}.Release|x86.Build.0 = Release|Win32
		{4D075C2B-0865-4EC1-A6E8-9AFC56B06766}.Debug|x64.ActiveCfg = Debug|x64
		{4D075C2B-0865-4EC1-A6E8-9AFC56B06766}.Debug|x64.Build.0 = Debug|x64
		{4D075C2B-0865-4EC1-A6E8-9AFC56B06766}.Debug|x86.ActiveCfg = Debug|Win32
		{4D075C2B-0865-4EC1-A6E8-9AFC56B06766}.Debug|x86.Build.0 = Debug|Win32
		{4D075C2B-0865-4EC1-A6E8-9AFC56B06766}.Release|x64.ActiveCfg = Release|x64
		{4D075C2B-0865-4EC1-A6E8-9AFC56B06766}.Release|x64.Build.0 = Release|x64
		{4D075C2B-0865-4EC1-A6E8-9AFC56B06766}.Release|x86.ActiveCfg = Release|Win32
		{4D075C2B-0865-4EC1-A6E8-9AFC56B06766}.Release|x86.Build.0 = Release|Win32
		{C5DF5EFE-39AE-44EA-B325-D64B7BA42475}.Debug|x64.ActiveCfg = Debug|x64
		{C5DF5EFE-39AE-44EA-B325-D64B7BA42475}.Debug|x64.Build.0 = Debug|x64
		{C5DF5EFE-39AE-44EA-B325-D64B7BA42475}.Debug|x86.ActiveCfg = Debug|Win32
		{C5DF5EFE-39AE-44EA-B325-D64B7BA42475}.Debug|x86.Build.0 = Debug|Win32
		{C5DF5EFE-39AE-44EA-B325-D64B7BA42475}.Release|x64.ActiveCfg = Release|x64
		{C5DF5EFE-39AE-44EA-B325-D64B7BA42475}.Release|x64.Build.0 = Release|x64
		{C5DF5EFE-39AE-44EA-B325-D64B7BA42475}.Release|x86.ActiveCfg = Release|Win32
		{C5DF5EFE-39AE-44EA-B325-D64B7BA42475}.Release|x86.Build.0 = Release|Win32
		{8F900C0E-A5AF-4D2B-AEF5-074F954DA248}.Debug|x64.ActiveCfg = Debug|x64
		{8F900C0E-A5AF-4D2B-AEF5-074F954DA248}.Debug|x64.Build.0 = Debug|x64
		{8F900C0E-A5AF-4D2B-AEF5-074F954DA248}.Debug|x86.ActiveCfg = Debug|Win32
		{8F900C0E-A5AF-4D2B-AEF5-074F954DA248}.Debug|x86.Build.0 = Debug|Win32
		{8F900C0E-A5AF-4D2B-AEF5-074F954DA248}.Release|x64.ActiveCfg = Release|x64
		{8F900C0E-A5AF-4D2B-AEF5-074F954DA248}.Release|x64.Build.0 = Release|x64
		{8F900C0E-A5AF-4D2B-AEF5-074F954DA248}.Release|x86.ActiveCfg = Release|Win32
		{8F900C0E-A5AF-4D2B-AEF5-074F954DA248}.Release|x86.Build.0 = Release|Win32
		{1A24E643-DDA0-499F-9E4E-882A0095F247}.Debug|x64.ActiveCfg = Debug|x64
		{1A24E643-DDA0-499F-9E4E-882A0095F247}.Debug|x64.Build.0 = Debug|x64
		{1A24E643-DDA0-499F-9E4E-882A0095F247}.Debug|x86.ActiveCfg = Debug|Win32
		{1A24E643-DDA0-499F-9E4E-882A0095F247}.Debug|x86.Build.0 = Debug|Win32
		{1A24E643-DDA0-499F-9E4E-882A0095F247}.Release|x64.ActiveCfg = Release|x64
		{1A24E643-DDA0-499F-9E4E-882A0095F247}.Release|x64.Build.0 = Release|x64
		{1A24E643-DDA0-499F-9E4E-882A0095F247}.Release|x86.ActiveCfg = Release|Win32
		{1A24E643-DDA0-499F-9E4E-882A0095F247}.Release|x86.Build.0 = Release|Win32
		{1156B7D1-8AE1-4619-A2A3-36F3ED5FE344}.Debug|x64.ActiveCfg = Debug|x64
		{1156B7D1-8AE1-4619-A2A3-36F3ED5FE344}.Debug|x64.Build.0 = Debug|x64
		{1156B7D1-8AE1-4619-A2A3-36F3ED5FE344}.Debug|x86.ActiveCfg = Debug|Win32
		{1156B7D1-8AE1-4619-A2A3-36F3ED5FE344}.Debug|x86.Build.0 = Debug|Win32
		{1156B7D1-8AE1-4619-A2A3-36F3ED5FE344}.Release|x64.ActiveCfg = Release|x64
		{1156B7D1-8AE1-4619-A2A3-36F3ED5FE344}.Release|x64.Build.0 = Release|x64
		{1156B7D1-8AE1-4619-A2A3-36F3ED5FE344}.Release|x86.ActiveCfg = Release|Win32
		{1156B7D1-8AE1-4619-A2A3-36F3ED5FE344}.Release|x86.Build.0 = Release|Win32
		{32D1F20E-20A5-440C-B065-631E4E6C7737}.Debug|x64.ActiveCfg = Debug|x64
		{32D1F20E-20A5-440C-B065-631E4E6C7737}.Debug|x64.Build.0 = Debug|x64
		{32D1F20E-20A5-440C-B065-631E4E6C7737}.Debug|x86.ActiveCfg = Debug|Win32
		{32D1F20E-20A5-440C-B065-631E4E6C7737}.Debug|x86.Build.0 = Debug|Win32
		{32D1F20E-20A5-440C-B065-631E4E6C7737}.Release|x64.ActiveCfg = Release|x64
		{32D1F20E-20A5-440C-B065-631E4E6C7737}.Release|x64.Build.0 = Release|x64
		{32D1F20E-20A5-440C-B065-631E4E6C7737}.Release|x86.ActiveCfg = Release|Win32
		{32D1F20E-20A5-440C-B065-631E4E6C7737}.Release|x86.Build.0 = Release|Win32
		{007FE02D-C586-4C60-8830-A2CDB2A5EBF6}.Debug|x64.ActiveCfg = Debug|x64
		{007FE02D-C586-4C60-8830-A2CDB2A5EBF6}.Debug|x64.Build.0 = Debug|x64
		{007FE02D-C586-4C60-8830-A2CDB2A5EBF6}.Debug|x86.ActiveCfg = Debug|Win32
		{007FE02D-C586-4C60-8830-A2CDB2A5EBF6}.Debug|x86.Build.0 = Debug|Win32
		{007FE02D-C586-4C60-8830-A2CDB2A5EBF6}.Release|x64.ActiveCfg = Release|x64
		{007FE02D-C586-4C60-8830-A2CDB2A5EBF6}.Release|x64.Build.0 = Release|x64
		{007FE02D-C586-4C60-8830-A2CDB2A5EBF6}.Release|x86.ActiveCfg = Release|Win32
		{007FE02D-C586-4C60-8830-A2CDB2A5EBF6}.Release|x86.Build.0 = Release|Win32
		{324A2501-6BC2-42FF-B286-C4B3E4F557B3}.Debug|x64.ActiveCfg = Debug|x64
		{324A2501-6BC2-42FF-B286-C4B3E4F557B3}.Debug|x64.Build.0 = Debug|x64
		{324A2501-6BC2-42FF-B286-C4B3E4F557B3}.Debug|x86.ActiveCfg = Debug|Win32
		{324A2501-6BC2-42FF-B286-C4B3E4F557B3}.Debug|x86.Build.0 = Debug|Win32
		{324A2501-6BC2-42FF-B286-C4B3E4F557B3}.Release|x64.ActiveCfg = Release|x64
		{324A2501-6BC2-42FF-B286-C4B3E4F557B3}.Release|x64.Build.0 = Release|x64
		{324A2501-6BC2-42FF-B286-C4B3E4F557B3}.Release|x86.ActiveCfg = Release|Win32
		{324A2501-6BC2-42FF-B286-C4B3E4F557B3}.Release|x86.Build.0 = Release|Win32
		{AF2F016A-F3DD-4A2D-9838-56DCECBCA1C5}.Debug|x64.ActiveCfg = Debug|x64
		{AF2F016A-F3DD-4A2D-9838-56DCECBCA1C5}.Debug|x64.Build.0 = Debug|x64
		{AF2F016A-F3DD-4A2D-9838-56DCECBCA1C5}.Debug|x86.ActiveCfg = Debug|Win32
		{AF2F016A-F3DD-4A2D-9838-56DCECBCA1C5}.Debug|x86.Build.0 = Debug|Win32
		{AF2F016A-F3DD-4A2D-9838-56DCECBCA1C5}.Release|x64.ActiveCfg = Release|x64
		{AF2F016A-F3DD-4A2D-9838-56DCECBCA1C5}.Release|x64.Build.0 = Release|x64
		{AF2F016A-F3DD-4A2D-9838-56DCECBCA1C5}.Release|x86.ActiveCfg = Release|Win32
		{AF2F016A-F3DD-4A2D-9838-56DCECBCA1C5}.Release|x86.Build.0 = Release|Win32
	EndGlobalSection
	GlobalSection(SolutionProperties) = preSolution
		HideSolutionNode = FALSE
	EndGlobalSection
	GlobalSection(ExtensibilityGlobals) = postSolution
		SolutionGuid = {82F92AF0-4F81-454E-ABC4-E224969845E2}
	EndGlobalSection
EndGlobal
