
Microsoft Visual Studio Solution File, Format Version 12.00
# Visual Studio 15
VisualStudioVersion = 15.0.27703.1
MinimumVisualStudioVersion = 10.0.40219.1
Project("{8BC9CEB8-8B4A-11D0-8D11-00A0C91BC942}") = "Laba1", "Laba\Laba.vcxproj", "{BBC1A507-BEAA-406A-9326-3BF837F39C41}"
EndProject
Project("{8BC9CEB8-8B4A-11D0-8D11-00A0C91BC942}") = "Laba2", "Laba2\Laba2.vcxproj", "{BC6F7CA8-B674-49C2-83E4-AE2DA47EB825}"
EndProject
Project("{8BC9CEB8-8B4A-11D0-8D11-00A0C91BC942}") = "Laba3", "Laba3\Laba3.vcxproj", "{5BE23414-6ADE-40AB-A6EF-566172C72225}"
EndProject
Project("{8BC9CEB8-8B4A-11D0-8D11-00A0C91BC942}") = "Laba4", "Laba4\Laba4.vcxproj", "{ED8E842C-9349-4527-8568-DB3A21E0D04F}"
EndProject
Project("{8BC9CEB8-8B4A-11D0-8D11-00A0C91BC942}") = "Laba5", "Laba5\Laba5.vcxproj", "{023F3533-E17E-4DD2-A60C-AB20F4256DD3}"
EndProject
Project("{8BC9CEB8-8B4A-11D0-8D11-00A0C91BC942}") = "Laba6", "Laba6\Laba6.vcxproj", "{4D075C2B-0865-4EC1-A6E8-9AFC56B06766}"
EndProject
Project("{8BC9CEB8-8B4A-11D0-8D11-00A0C91BC942}") = "Laba7", "Laba7\Laba7.vcxproj", "{C5DF5EFE-39AE-44EA-B325-D64B7BA42475}"
EndProject
Project("{8BC9CEB8-8B4A-11D0-8D11-00A0C91BC942}") = "Laba2.1", "Laba2.1\Laba2.1.vcxproj", "{8F900C0E-A5AF-4D2B-AEF5-074F954DA248}"
EndProject
Project("{8BC9CEB8-8B4A-11D0-8D11-00A0C91BC942}") = "Laba8", "Laba8\Laba8.vcxproj", "{1A24E643-DDA0-499F-9E4E-882A0095F247}"
EndProject
Project("{8BC9CEB8-8B4A-11D0-8D11-00A0C91BC942}") = "Laba9", "Laba9\Laba9.vcxproj", "{1156B7D1-8AE1-4619-A2A3-36F3ED5FE344}"
EndProject
Project("{8BC9CEB8-8B4A-11D0-8D11-00A0C91BC942}") = "Laba10", "Laba10\Laba10.vcxproj", "{32D1F20E-20A5-440C-B065-631E4E6C7737}"
EndProject
Project("{8BC9CEB8-8B4A-11D0-8D11-00A0C91BC942}") = "Laba10.2", "Laba10.2\Laba10.2.vcxproj", "{AF2F016A-F3DD-4A2D-9838-56DCECBCA1C5}"
EndProject
Project("{8BC9CEB8-8B4A-11D0-8D11-00A0C91BC942}") = "Laba10.3", "Laba10.3\Laba10.3.vcxproj", "{0DA1907F-50E6-4F7D-A0E1-54A07BDD3634}"
EndProject
Project("{8BC9CEB8-8B4A-11D0-8D11-00A0C91BC942}") = "Laba10.4", "Laba10.4\Laba10.4.vcxproj", "{958DBBC3-4278-45BA-922A-176F239893CE}"
EndProject
Project("{8BC9CEB8-8B4A-11D0-8D11-00A0C91BC942}") = "Laba10.5", "Laba10.5\Laba10.5.vcxproj", "{43DE4BBD-F63E-4AA9-81F6-C03570E549B2}"
EndProject
Project("{8BC9CEB8-8B4A-11D0-8D11-00A0C91BC942}") = "Laba10.6", "Laba10.6\Laba10.6.vcxproj", "{8875E82B-0AD7-49CE-AFF6-DB89C8D59A85}"
EndProject
Project("{8BC9CEB8-8B4A-11D0-8D11-00A0C91BC942}") = "Laba11_SBD", "Laba11_SBD\Laba11_SBD.vcxproj", "{781FAED7-D116-497D-8E81-EA6733291DF9}"
EndProject
Project("{8BC9CEB8-8B4A-11D0-8D11-00A0C91BC942}") = "Laba10.1", "Laba10.1\Laba10.1.vcxproj", "{E1332CFB-C10F-4BFA-B13E-E588759C35C0}"
EndProject
Project("{8BC9CEB8-8B4A-11D0-8D11-00A0C91BC942}") = "Test", "Test\Test.vcxproj", "{6B3F435C-4D49-4C4D-8161-ED6A51907FD6}"
EndProject
Project("{8BC9CEB8-8B4A-11D0-8D11-00A0C91BC942}") = "Task", "Task\Task.vcxproj", "{8F418EF6-1408-4179-8F41-0FE93637080C}"
EndProject
Project("{8BC9CEB8-8B4A-11D0-8D11-00A0C91BC942}") = "Laba12", "Laba12\Laba12.vcxproj", "{76508F17-1E92-435B-889F-5CB925C7649A}"
EndProject
Project("{8BC9CEB8-8B4A-11D0-8D11-00A0C91BC942}") = "Laba13", "Laba13\Laba13.vcxproj", "{AC8D666C-28A3-4AC3-99B8-892ED824D23A}"
EndProject
Global
	GlobalSection(SolutionConfigurationPlatforms) = preSolution
		Debug|x64 = Debug|x64
		Debug|x86 = Debug|x86
		Release|x64 = Release|x64
		Release|x86 = Release|x86
	EndGlobalSection
	GlobalSection(ProjectConfigurationPlatforms) = postSolution
		{BBC1A507-BEAA-406A-9326-3BF837F39C41}.Debug|x64.ActiveCfg = Debug|x64
		{BBC1A507-BEAA-406A-9326-3BF837F39C41}.Debug|x64.Build.0 = Debug|x64
		{BBC1A507-BEAA-406A-9326-3BF837F39C41}.Debug|x86.ActiveCfg = Debug|Win32
		{BBC1A507-BEAA-406A-9326-3BF837F39C41}.Debug|x86.Build.0 = Debug|Win32
		{BBC1A507-BEAA-406A-9326-3BF837F39C41}.Release|x64.ActiveCfg = Release|x64
		{BBC1A507-BEAA-406A-9326-3BF837F39C41}.Release|x64.Build.0 = Release|x64
		{BBC1A507-BEAA-406A-9326-3BF837F39C41}.Release|x86.ActiveCfg = Release|Win32
		{BBC1A507-BEAA-406A-9326-3BF837F39C41}.Release|x86.Build.0 = Release|Win32
		{BC6F7CA8-B674-49C2-83E4-AE2DA47EB825}.Debug|x64.ActiveCfg = Debug|x64
		{BC6F7CA8-B674-49C2-83E4-AE2DA47EB825}.Debug|x64.Build.0 = Debug|x64
		{BC6F7CA8-B674-49C2-83E4-AE2DA47EB825}.Debug|x86.ActiveCfg = Debug|Win32
		{BC6F7CA8-B674-49C2-83E4-AE2DA47EB825}.Debug|x86.Build.0 = Debug|Win32
		{BC6F7CA8-B674-49C2-83E4-AE2DA47EB825}.Release|x64.ActiveCfg = Release|x64
		{BC6F7CA8-B674-49C2-83E4-AE2DA47EB825}.Release|x64.Build.0 = Release|x64
		{BC6F7CA8-B674-49C2-83E4-AE2DA47EB825}.Release|x86.ActiveCfg = Release|Win32
		{BC6F7CA8-B674-49C2-83E4-AE2DA47EB825}.Release|x86.Build.0 = Release|Win32
		{5BE23414-6ADE-40AB-A6EF-566172C72225}.Debug|x64.ActiveCfg = Debug|x64
		{5BE23414-6ADE-40AB-A6EF-566172C72225}.Debug|x64.Build.0 = Debug|x64
		{5BE23414-6ADE-40AB-A6EF-566172C72225}.Debug|x86.ActiveCfg = Debug|Win32
		{5BE23414-6ADE-40AB-A6EF-566172C72225}.Debug|x86.Build.0 = Debug|Win32
		{5BE23414-6ADE-40AB-A6EF-566172C72225}.Release|x64.ActiveCfg = Release|x64
		{5BE23414-6ADE-40AB-A6EF-566172C72225}.Release|x64.Build.0 = Release|x64
		{5BE23414-6ADE-40AB-A6EF-566172C72225}.Release|x86.ActiveCfg = Release|Win32
		{5BE23414-6ADE-40AB-A6EF-566172C72225}.Release|x86.Build.0 = Release|Win32
		{ED8E842C-9349-4527-8568-DB3A21E0D04F}.Debug|x64.ActiveCfg = Debug|x64
		{ED8E842C-9349-4527-8568-DB3A21E0D04F}.Debug|x64.Build.0 = Debug|x64
		{ED8E842C-9349-4527-8568-DB3A21E0D04F}.Debug|x86.ActiveCfg = Debug|Win32
		{ED8E842C-9349-4527-8568-DB3A21E0D04F}.Debug|x86.Build.0 = Debug|Win32
		{ED8E842C-9349-4527-8568-DB3A21E0D04F}.Release|x64.ActiveCfg = Release|x64
		{ED8E842C-9349-4527-8568-DB3A21E0D04F}.Release|x64.Build.0 = Release|x64
		{ED8E842C-9349-4527-8568-DB3A21E0D04F}.Release|x86.ActiveCfg = Release|Win32
		{ED8E842C-9349-4527-8568-DB3A21E0D04F}.Release|x86.Build.0 = Release|Win32
		{023F3533-E17E-4DD2-A60C-AB20F4256DD3}.Debug|x64.ActiveCfg = Debug|x64
		{023F3533-E17E-4DD2-A60C-AB20F4256DD3}.Debug|x64.Build.0 = Debug|x64
		{023F3533-E17E-4DD2-A60C-AB20F4256DD3}.Debug|x86.ActiveCfg = Debug|Win32
		{023F3533-E17E-4DD2-A60C-AB20F4256DD3}.Debug|x86.Build.0 = Debug|Win32
		{023F3533-E17E-4DD2-A60C-AB20F4256DD3}.Release|x64.ActiveCfg = Release|x64
		{023F3533-E17E-4DD2-A60C-AB20F4256DD3}.Release|x64.Build.0 = Release|x64
		{023F3533-E17E-4DD2-A60C-AB20F4256DD3}.Release|x86.ActiveCfg = Release|Win32
		{023F3533-E17E-4DD2-A60C-AB20F4256DD3}.Release|x86.Build.0 = Release|Win32
		{4D075C2B-0865-4EC1-A6E8-9AFC56B06766}.Debug|x64.ActiveCfg = Debug|x64
		{4D075C2B-0865-4EC1-A6E8-9AFC56B06766}.Debug|x64.Build.0 = Debug|x64
		{4D075C2B-0865-4EC1-A6E8-9AFC56B06766}.Debug|x86.ActiveCfg = Debug|Win32
		{4D075C2B-0865-4EC1-A6E8-9AFC56B06766}.Debug|x86.Build.0 = Debug|Win32
		{4D075C2B-0865-4EC1-A6E8-9AFC56B06766}.Release|x64.ActiveCfg = Release|x64
		{4D075C2B-0865-4EC1-A6E8-9AFC56B06766}.Release|x64.Build.0 = Release|x64
		{4D075C2B-0865-4EC1-A6E8-9AFC56B06766}.Release|x86.ActiveCfg = Release|Win32
		{4D075C2B-0865-4EC1-A6E8-9AFC56B06766}.Release|x86.Build.0 = Release|Win32
		{C5DF5EFE-39AE-44EA-B325-D64B7BA42475}.Debug|x64.ActiveCfg = Debug|x64
		{C5DF5EFE-39AE-44EA-B325-D64B7BA42475}.Debug|x64.Build.0 = Debug|x64
		{C5DF5EFE-39AE-44EA-B325-D64B7BA42475}.Debug|x86.ActiveCfg = Debug|Win32
		{C5DF5EFE-39AE-44EA-B325-D64B7BA42475}.Debug|x86.Build.0 = Debug|Win32
		{C5DF5EFE-39AE-44EA-B325-D64B7BA42475}.Release|x64.ActiveCfg = Release|x64
		{C5DF5EFE-39AE-44EA-B325-D64B7BA42475}.Release|x64.Build.0 = Release|x64
		{C5DF5EFE-39AE-44EA-B325-D64B7BA42475}.Release|x86.ActiveCfg = Release|Win32
		{C5DF5EFE-39AE-44EA-B325-D64B7BA42475}.Release|x86.Build.0 = Release|Win32
		{8F900C0E-A5AF-4D2B-AEF5-074F954DA248}.Debug|x64.ActiveCfg = Debug|x64
		{8F900C0E-A5AF-4D2B-AEF5-074F954DA248}.Debug|x64.Build.0 = Debug|x64
		{8F900C0E-A5AF-4D2B-AEF5-074F954DA248}.Debug|x86.ActiveCfg = Debug|Win32
		{8F900C0E-A5AF-4D2B-AEF5-074F954DA248}.Debug|x86.Build.0 = Debug|Win32
		{8F900C0E-A5AF-4D2B-AEF5-074F954DA248}.Release|x64.ActiveCfg = Release|x64
		{8F900C0E-A5AF-4D2B-AEF5-074F954DA248}.Release|x64.Build.0 = Release|x64
		{8F900C0E-A5AF-4D2B-AEF5-074F954DA248}.Release|x86.ActiveCfg = Release|Win32
		{8F900C0E-A5AF-4D2B-AEF5-074F954DA248}.Release|x86.Build.0 = Release|Win32
		{1A24E643-DDA0-499F-9E4E-882A0095F247}.Debug|x64.ActiveCfg = Debug|x64
		{1A24E643-DDA0-499F-9E4E-882A0095F247}.Debug|x64.Build.0 = Debug|x64
		{1A24E643-DDA0-499F-9E4E-882A0095F247}.Debug|x86.ActiveCfg = Debug|Win32
		{1A24E643-DDA0-499F-9E4E-882A0095F247}.Debug|x86.Build.0 = Debug|Win32
		{1A24E643-DDA0-499F-9E4E-882A0095F247}.Release|x64.ActiveCfg = Release|x64
		{1A24E643-DDA0-499F-9E4E-882A0095F247}.Release|x64.Build.0 = Release|x64
		{1A24E643-DDA0-499F-9E4E-882A0095F247}.Release|x86.ActiveCfg = Release|Win32
		{1A24E643-DDA0-499F-9E4E-882A0095F247}.Release|x86.Build.0 = Release|Win32
		{1156B7D1-8AE1-4619-A2A3-36F3ED5FE344}.Debug|x64.ActiveCfg = Debug|x64
		{1156B7D1-8AE1-4619-A2A3-36F3ED5FE344}.Debug|x64.Build.0 = Debug|x64
		{1156B7D1-8AE1-4619-A2A3-36F3ED5FE344}.Debug|x86.ActiveCfg = Debug|Win32
		{1156B7D1-8AE1-4619-A2A3-36F3ED5FE344}.Debug|x86.Build.0 = Debug|Win32
		{1156B7D1-8AE1-4619-A2A3-36F3ED5FE344}.Release|x64.ActiveCfg = Release|x64
		{1156B7D1-8AE1-4619-A2A3-36F3ED5FE344}.Release|x64.Build.0 = Release|x64
		{1156B7D1-8AE1-4619-A2A3-36F3ED5FE344}.Release|x86.ActiveCfg = Release|Win32
		{1156B7D1-8AE1-4619-A2A3-36F3ED5FE344}.Release|x86.Build.0 = Release|Win32
		{32D1F20E-20A5-440C-B065-631E4E6C7737}.Debug|x64.ActiveCfg = Debug|x64
		{32D1F20E-20A5-440C-B065-631E4E6C7737}.Debug|x64.Build.0 = Debug|x64
		{32D1F20E-20A5-440C-B065-631E4E6C7737}.Debug|x86.ActiveCfg = Debug|Win32
		{32D1F20E-20A5-440C-B065-631E4E6C7737}.Debug|x86.Build.0 = Debug|Win32
		{32D1F20E-20A5-440C-B065-631E4E6C7737}.Release|x64.ActiveCfg = Release|x64
		{32D1F20E-20A5-440C-B065-631E4E6C7737}.Release|x64.Build.0 = Release|x64
		{32D1F20E-20A5-440C-B065-631E4E6C7737}.Release|x86.ActiveCfg = Release|Win32
		{32D1F20E-20A5-440C-B065-631E4E6C7737}.Release|x86.Build.0 = Release|Win32
		{AF2F016A-F3DD-4A2D-9838-56DCECBCA1C5}.Debug|x64.ActiveCfg = Debug|x64
		{AF2F016A-F3DD-4A2D-9838-56DCECBCA1C5}.Debug|x64.Build.0 = Debug|x64
		{AF2F016A-F3DD-4A2D-9838-56DCECBCA1C5}.Debug|x86.ActiveCfg = Debug|Win32
		{AF2F016A-F3DD-4A2D-9838-56DCECBCA1C5}.Debug|x86.Build.0 = Debug|Win32
		{AF2F016A-F3DD-4A2D-9838-56DCECBCA1C5}.Release|x64.ActiveCfg = Release|x64
		{AF2F016A-F3DD-4A2D-9838-56DCECBCA1C5}.Release|x64.Build.0 = Release|x64
		{AF2F016A-F3DD-4A2D-9838-56DCECBCA1C5}.Release|x86.ActiveCfg = Release|Win32
		{AF2F016A-F3DD-4A2D-9838-56DCECBCA1C5}.Release|x86.Build.0 = Release|Win32
		{0DA1907F-50E6-4F7D-A0E1-54A07BDD3634}.Debug|x64.ActiveCfg = Debug|x64
		{0DA1907F-50E6-4F7D-A0E1-54A07BDD3634}.Debug|x64.Build.0 = Debug|x64
		{0DA1907F-50E6-4F7D-A0E1-54A07BDD3634}.Debug|x86.ActiveCfg = Debug|Win32
		{0DA1907F-50E6-4F7D-A0E1-54A07BDD3634}.Debug|x86.Build.0 = Debug|Win32
		{0DA1907F-50E6-4F7D-A0E1-54A07BDD3634}.Release|x64.ActiveCfg = Release|x64
		{0DA1907F-50E6-4F7D-A0E1-54A07BDD3634}.Release|x64.Build.0 = Release|x64
		{0DA1907F-50E6-4F7D-A0E1-54A07BDD3634}.Release|x86.ActiveCfg = Release|Win32
		{0DA1907F-50E6-4F7D-A0E1-54A07BDD3634}.Release|x86.Build.0 = Release|Win32
		{958DBBC3-4278-45BA-922A-176F239893CE}.Debug|x64.ActiveCfg = Debug|x64
		{958DBBC3-4278-45BA-922A-176F239893CE}.Debug|x64.Build.0 = Debug|x64
		{958DBBC3-4278-45BA-922A-176F239893CE}.Debug|x86.ActiveCfg = Debug|Win32
		{958DBBC3-4278-45BA-922A-176F239893CE}.Debug|x86.Build.0 = Debug|Win32
		{958DBBC3-4278-45BA-922A-176F239893CE}.Release|x64.ActiveCfg = Release|x64
		{958DBBC3-4278-45BA-922A-176F239893CE}.Release|x64.Build.0 = Release|x64
		{958DBBC3-4278-45BA-922A-176F239893CE}.Release|x86.ActiveCfg = Release|Win32
		{958DBBC3-4278-45BA-922A-176F239893CE}.Release|x86.Build.0 = Release|Win32
		{43DE4BBD-F63E-4AA9-81F6-C03570E549B2}.Debug|x64.ActiveCfg = Debug|x64
		{43DE4BBD-F63E-4AA9-81F6-C03570E549B2}.Debug|x64.Build.0 = Debug|x64
		{43DE4BBD-F63E-4AA9-81F6-C03570E549B2}.Debug|x86.ActiveCfg = Debug|Win32
		{43DE4BBD-F63E-4AA9-81F6-C03570E549B2}.Debug|x86.Build.0 = Debug|Win32
		{43DE4BBD-F63E-4AA9-81F6-C03570E549B2}.Release|x64.ActiveCfg = Release|x64
		{43DE4BBD-F63E-4AA9-81F6-C03570E549B2}.Release|x64.Build.0 = Release|x64
		{43DE4BBD-F63E-4AA9-81F6-C03570E549B2}.Release|x86.ActiveCfg = Release|Win32
		{43DE4BBD-F63E-4AA9-81F6-C03570E549B2}.Release|x86.Build.0 = Release|Win32
		{8875E82B-0AD7-49CE-AFF6-DB89C8D59A85}.Debug|x64.ActiveCfg = Debug|x64
		{8875E82B-0AD7-49CE-AFF6-DB89C8D59A85}.Debug|x64.Build.0 = Debug|x64
		{8875E82B-0AD7-49CE-AFF6-DB89C8D59A85}.Debug|x86.ActiveCfg = Debug|Win32
		{8875E82B-0AD7-49CE-AFF6-DB89C8D59A85}.Debug|x86.Build.0 = Debug|Win32
		{8875E82B-0AD7-49CE-AFF6-DB89C8D59A85}.Release|x64.ActiveCfg = Release|x64
		{8875E82B-0AD7-49CE-AFF6-DB89C8D59A85}.Release|x64.Build.0 = Release|x64
		{8875E82B-0AD7-49CE-AFF6-DB89C8D59A85}.Release|x86.ActiveCfg = Release|Win32
		{8875E82B-0AD7-49CE-AFF6-DB89C8D59A85}.Release|x86.Build.0 = Release|Win32
		{781FAED7-D116-497D-8E81-EA6733291DF9}.Debug|x64.ActiveCfg = Debug|x64
		{781FAED7-D116-497D-8E81-EA6733291DF9}.Debug|x64.Build.0 = Debug|x64
		{781FAED7-D116-497D-8E81-EA6733291DF9}.Debug|x86.ActiveCfg = Debug|Win32
		{781FAED7-D116-497D-8E81-EA6733291DF9}.Debug|x86.Build.0 = Debug|Win32
		{781FAED7-D116-497D-8E81-EA6733291DF9}.Release|x64.ActiveCfg = Release|x64
		{781FAED7-D116-497D-8E81-EA6733291DF9}.Release|x64.Build.0 = Release|x64
		{781FAED7-D116-497D-8E81-EA6733291DF9}.Release|x86.ActiveCfg = Release|Win32
		{781FAED7-D116-497D-8E81-EA6733291DF9}.Release|x86.Build.0 = Release|Win32
		{E1332CFB-C10F-4BFA-B13E-E588759C35C0}.Debug|x64.ActiveCfg = Debug|x64
		{E1332CFB-C10F-4BFA-B13E-E588759C35C0}.Debug|x64.Build.0 = Debug|x64
		{E1332CFB-C10F-4BFA-B13E-E588759C35C0}.Debug|x86.ActiveCfg = Debug|Win32
		{E1332CFB-C10F-4BFA-B13E-E588759C35C0}.Debug|x86.Build.0 = Debug|Win32
		{E1332CFB-C10F-4BFA-B13E-E588759C35C0}.Release|x64.ActiveCfg = Release|x64
		{E1332CFB-C10F-4BFA-B13E-E588759C35C0}.Release|x64.Build.0 = Release|x64
		{E1332CFB-C10F-4BFA-B13E-E588759C35C0}.Release|x86.ActiveCfg = Release|Win32
		{E1332CFB-C10F-4BFA-B13E-E588759C35C0}.Release|x86.Build.0 = Release|Win32
		{6B3F435C-4D49-4C4D-8161-ED6A51907FD6}.Debug|x64.ActiveCfg = Debug|x64
		{6B3F435C-4D49-4C4D-8161-ED6A51907FD6}.Debug|x64.Build.0 = Debug|x64
		{6B3F435C-4D49-4C4D-8161-ED6A51907FD6}.Debug|x86.ActiveCfg = Debug|Win32
		{6B3F435C-4D49-4C4D-8161-ED6A51907FD6}.Debug|x86.Build.0 = Debug|Win32
		{6B3F435C-4D49-4C4D-8161-ED6A51907FD6}.Release|x64.ActiveCfg = Release|x64
		{6B3F435C-4D49-4C4D-8161-ED6A51907FD6}.Release|x64.Build.0 = Release|x64
		{6B3F435C-4D49-4C4D-8161-ED6A51907FD6}.Release|x86.ActiveCfg = Release|Win32
		{6B3F435C-4D49-4C4D-8161-ED6A51907FD6}.Release|x86.Build.0 = Release|Win32
		{8F418EF6-1408-4179-8F41-0FE93637080C}.Debug|x64.ActiveCfg = Debug|x64
		{8F418EF6-1408-4179-8F41-0FE93637080C}.Debug|x64.Build.0 = Debug|x64
		{8F418EF6-1408-4179-8F41-0FE93637080C}.Debug|x86.ActiveCfg = Debug|Win32
		{8F418EF6-1408-4179-8F41-0FE93637080C}.Debug|x86.Build.0 = Debug|Win32
		{8F418EF6-1408-4179-8F41-0FE93637080C}.Release|x64.ActiveCfg = Release|x64
		{8F418EF6-1408-4179-8F41-0FE93637080C}.Release|x64.Build.0 = Release|x64
		{8F418EF6-1408-4179-8F41-0FE93637080C}.Release|x86.ActiveCfg = Release|Win32
		{8F418EF6-1408-4179-8F41-0FE93637080C}.Release|x86.Build.0 = Release|Win32
		{76508F17-1E92-435B-889F-5CB925C7649A}.Debug|x64.ActiveCfg = Debug|x64
		{76508F17-1E92-435B-889F-5CB925C7649A}.Debug|x64.Build.0 = Debug|x64
		{76508F17-1E92-435B-889F-5CB925C7649A}.Debug|x86.ActiveCfg = Debug|Win32
		{76508F17-1E92-435B-889F-5CB925C7649A}.Debug|x86.Build.0 = Debug|Win32
		{76508F17-1E92-435B-889F-5CB925C7649A}.Release|x64.ActiveCfg = Release|x64
		{76508F17-1E92-435B-889F-5CB925C7649A}.Release|x64.Build.0 = Release|x64
		{76508F17-1E92-435B-889F-5CB925C7649A}.Release|x86.ActiveCfg = Release|Win32
		{76508F17-1E92-435B-889F-5CB925C7649A}.Release|x86.Build.0 = Release|Win32
		{AC8D666C-28A3-4AC3-99B8-892ED824D23A}.Debug|x64.ActiveCfg = Debug|x64
		{AC8D666C-28A3-4AC3-99B8-892ED824D23A}.Debug|x64.Build.0 = Debug|x64
		{AC8D666C-28A3-4AC3-99B8-892ED824D23A}.Debug|x86.ActiveCfg = Debug|Win32
		{AC8D666C-28A3-4AC3-99B8-892ED824D23A}.Debug|x86.Build.0 = Debug|Win32
		{AC8D666C-28A3-4AC3-99B8-892ED824D23A}.Release|x64.ActiveCfg = Release|x64
		{AC8D666C-28A3-4AC3-99B8-892ED824D23A}.Release|x64.Build.0 = Release|x64
		{AC8D666C-28A3-4AC3-99B8-892ED824D23A}.Release|x86.ActiveCfg = Release|Win32
		{AC8D666C-28A3-4AC3-99B8-892ED824D23A}.Release|x86.Build.0 = Release|Win32
	EndGlobalSection
	GlobalSection(SolutionProperties) = preSolution
		HideSolutionNode = FALSE
	EndGlobalSection
	GlobalSection(ExtensibilityGlobals) = postSolution
		SolutionGuid = {82F92AF0-4F81-454E-ABC4-E224969845E2}
	EndGlobalSection
EndGlobal
